PODS:
  - Alamofire (4.8.2)
  - AlamofireImage (3.5.2):
    - Alamofire (~> 4.8)
  - FLAnimatedImage (1.0.12)
  - Kingfisher (5.7.0)
  - Nuke (8.0)
  - PINCache (2.3)
  - PINRemoteImage (2.1.4):
    - PINRemoteImage/FLAnimatedImage (= 2.1.4)
  - PINRemoteImage/Core (2.1.4):
    - PINCache (>= 2.1)
  - PINRemoteImage/FLAnimatedImage (2.1.4):
    - FLAnimatedImage (>= 1.0)
    - PINRemoteImage/Core
  - SDWebImage (5.0.6):
    - SDWebImage/Core (= 5.0.6)
  - SDWebImage/Core (5.0.6)

DEPENDENCIES:
  - AlamofireImage
  - Kingfisher
  - Nuke (from `https://github.com/kean/Nuke.git`, branch `master`)
  - PINRemoteImage
  - SDWebImage

SPEC REPOS:
  https://github.com/cocoapods/specs.git:
    - Alamofire
    - AlamofireImage
    - FLAnimatedImage
    - Kingfisher
    - PINCache
    - PINRemoteImage
    - SDWebImage

EXTERNAL SOURCES:
  Nuke:
    :branch: master
    :git: https://github.com/kean/Nuke.git

CHECKOUT OPTIONS:
  Nuke:
    :commit: cd5c6faa8af190149150af8940bcc6a67feaea04
    :git: https://github.com/kean/Nuke.git

SPEC CHECKSUMS:
  Alamofire: ae5c501addb7afdbb13687d7f2f722c78734c2d3
  AlamofireImage: 63cfe3baf1370be6c498149687cf6db3e3b00999
  FLAnimatedImage: 4a0b56255d9b05f18b6dd7ee06871be5d3b89e31
  Kingfisher: c7d211b54f1f30d8060aadab177d52b4349c825b
  Nuke: 8d90f1dbf88d27a7ba6ff3934de01693812e5adb
  PINCache: ce36ed282031b92fc7733ffe831f474ff80fddc2
  PINRemoteImage: 4ac4011c5caefd6befd99758e09becede05d3226
  SDWebImage: 920f1a2ff1ca8296ad34f6e0510a1ef1d70ac965

PODFILE CHECKSUM: 5ebd04a58a3f9a47047156ff95b38e1e73ed5751

COCOAPODS: 1.7.3
