PODS:
  - Alamofire (4.8.2)
  - AlamofireImage (3.5.2):
    - Alamofire (~> 4.8)
  - FLAnimatedImage (1.0.12)
  - Kingfisher (5.7.0)
  - Nuke (8.0)
  - PINCache (2.3)
  - PINRemoteImage (2.1.4):
    - PINRemoteImage/FLAnimatedImage (= 2.1.4)
  - PINRemoteImage/Core (2.1.4):
    - PINCache (>= 2.1)
  - PINRemoteImage/FLAnimatedImage (2.1.4):
    - FLAnimatedImage (>= 1.0)
    - PINRemoteImage/Core
  - SDWebImage (5.0.6):
    - SDWebImage/Core (= 5.0.6)
  - SDWebImage/Core (5.0.6)
  - YYCache (1.0.4)
  - YYImage (1.0.4):
    - YYImage/Core (= 1.0.4)
  - YYImage/Core (1.0.4)
  - YYWebImage (1.0.5):
    - YYCache
    - YYImage

DEPENDENCIES:
  - AlamofireImage
  - Kingfisher
  - Nuke (from `https://github.com/kean/Nuke.git`, branch `master`)
  - PINRemoteImage
  - SDWebImage
  - YYWebImage

SPEC REPOS:
  https://github.com/CocoaPods/Specs.git:
    - Alamofire
    - AlamofireImage
    - FLAnimatedImage
    - Kingfisher
    - PINCache
    - PINRemoteImage
    - SDWebImage
    - YYCache
    - YYImage
    - YYWebImage

EXTERNAL SOURCES:
  Nuke:
    :branch: master
    :git: https://github.com/kean/Nuke.git

CHECKOUT OPTIONS:
  Nuke:
    :commit: cd5c6faa8af190149150af8940bcc6a67feaea04
    :git: https://github.com/kean/Nuke.git

SPEC CHECKSUMS:
  Alamofire: ae5c501addb7afdbb13687d7f2f722c78734c2d3
  AlamofireImage: 63cfe3baf1370be6c498149687cf6db3e3b00999
  FLAnimatedImage: 4a0b56255d9b05f18b6dd7ee06871be5d3b89e31
  Kingfisher: c7d211b54f1f30d8060aadab177d52b4349c825b
  Nuke: 8d90f1dbf88d27a7ba6ff3934de01693812e5adb
  PINCache: ce36ed282031b92fc7733ffe831f474ff80fddc2
  PINRemoteImage: 4ac4011c5caefd6befd99758e09becede05d3226
  SDWebImage: 920f1a2ff1ca8296ad34f6e0510a1ef1d70ac965
  YYCache: 8105b6638f5e849296c71f331ff83891a4942952
  YYImage: 1e1b62a9997399593e4b9c4ecfbbabbf1d3f3b54
  YYWebImage: 5f7f36aee2ae293f016d418c7d6ba05c4863e928

PODFILE CHECKSUM: 46455a4ad961fa1b4e852b22d69743eaa6e83f88

COCOAPODS: 1.9.3
