// !$*UTF8*$!
{
	archiveVersion = 1;
	classes = {
	};
	objectVersion = 52;
	objects = {

/* Begin PBXBuildFile section */
		0C397D99209447DE00647303 /* fixture.jpeg in Resources */ = {isa = PBXBuildFile; fileRef = 0C397D98209447DE00647303 /* fixture.jpeg */; };
		0C6A93581D9FEAA900290284 /* AppDelegate.swift in Sources */ = {isa = PBXBuildFile; fileRef = 0C6A93571D9FEAA900290284 /* AppDelegate.swift */; };
		0C6A935A1D9FEAA900290284 /* ViewController.swift in Sources */ = {isa = PBXBuildFile; fileRef = 0C6A93591D9FEAA900290284 /* ViewController.swift */; };
		0C6A935D1D9FEAA900290284 /* Main.storyboard in Resources */ = {isa = PBXBuildFile; fileRef = 0C6A935B1D9FEAA900290284 /* Main.storyboard */; };
		0C6A935F1D9FEAA900290284 /* Assets.xcassets in Resources */ = {isa = PBXBuildFile; fileRef = 0C6A935E1D9FEAA900290284 /* Assets.xcassets */; };
		0C6A93621D9FEAA900290284 /* LaunchScreen.storyboard in Resources */ = {isa = PBXBuildFile; fileRef = 0C6A93601D9FEAA900290284 /* LaunchScreen.storyboard */; };
		0C6A937E1D9FEB0900290284 /* Benchmark.swift in Sources */ = {isa = PBXBuildFile; fileRef = 0C6A937D1D9FEB0900290284 /* Benchmark.swift */; };
		0CF5EDFF2659BC2500196E0F /* Nuke in Frameworks */ = {isa = PBXBuildFile; productRef = 0CF5EDFE2659BC2500196E0F /* Nuke */; };
		0CF5EE022659BC3300196E0F /* AlamofireImage in Frameworks */ = {isa = PBXBuildFile; productRef = 0CF5EE012659BC3300196E0F /* AlamofireImage */; };
		0CF5EE052659BC4300196E0F /* Kingfisher in Frameworks */ = {isa = PBXBuildFile; productRef = 0CF5EE042659BC4300196E0F /* Kingfisher */; };
		0CF5EE082659BC4E00196E0F /* SDWebImage in Frameworks */ = {isa = PBXBuildFile; productRef = 0CF5EE072659BC4E00196E0F /* SDWebImage */; };
		0CF5EE0B2659BCBF00196E0F /* PINRemoteImage in Frameworks */ = {isa = PBXBuildFile; productRef = 0CF5EE0A2659BCBF00196E0F /* PINRemoteImage */; };
/* End PBXBuildFile section */

/* Begin PBXContainerItemProxy section */
		0C6A93801D9FEB0900290284 /* PBXContainerItemProxy */ = {
			isa = PBXContainerItemProxy;
			containerPortal = 0C6A934C1D9FEAA900290284 /* Project object */;
			proxyType = 1;
			remoteGlobalIDString = 0C6A93531D9FEAA900290284;
			remoteInfo = "Image Frameworks Benchmark";
		};
/* End PBXContainerItemProxy section */

/* Begin PBXFileReference section */
		0C28C9A52659BF08001B7D74 /* AppleSample */ = {isa = PBXFileReference; lastKnownFileType = folder; path = AppleSample; sourceTree = "<group>"; };
		0C397D98209447DE00647303 /* fixture.jpeg */ = {isa = PBXFileReference; lastKnownFileType = image.jpeg; path = fixture.jpeg; sourceTree = "<group>"; };
		0C6A93541D9FEAA900290284 /* Image Frameworks Benchmark.app */ = {isa = PBXFileReference; explicitFileType = wrapper.application; includeInIndex = 0; path = "Image Frameworks Benchmark.app"; sourceTree = BUILT_PRODUCTS_DIR; };
		0C6A93571D9FEAA900290284 /* AppDelegate.swift */ = {isa = PBXFileReference; lastKnownFileType = sourcecode.swift; path = AppDelegate.swift; sourceTree = "<group>"; };
		0C6A93591D9FEAA900290284 /* ViewController.swift */ = {isa = PBXFileReference; lastKnownFileType = sourcecode.swift; path = ViewController.swift; sourceTree = "<group>"; };
		0C6A935C1D9FEAA900290284 /* Base */ = {isa = PBXFileReference; lastKnownFileType = file.storyboard; name = Base; path = Base.lproj/Main.storyboard; sourceTree = "<group>"; };
		0C6A935E1D9FEAA900290284 /* Assets.xcassets */ = {isa = PBXFileReference; lastKnownFileType = folder.assetcatalog; path = Assets.xcassets; sourceTree = "<group>"; };
		0C6A93611D9FEAA900290284 /* Base */ = {isa = PBXFileReference; lastKnownFileType = file.storyboard; name = Base; path = Base.lproj/LaunchScreen.storyboard; sourceTree = "<group>"; };
		0C6A93631D9FEAA900290284 /* Info.plist */ = {isa = PBXFileReference; lastKnownFileType = text.plist.xml; path = Info.plist; sourceTree = "<group>"; };
		0C6A937B1D9FEB0900290284 /* Benchmark.xctest */ = {isa = PBXFileReference; explicitFileType = wrapper.cfbundle; includeInIndex = 0; path = Benchmark.xctest; sourceTree = BUILT_PRODUCTS_DIR; };
		0C6A937D1D9FEB0900290284 /* Benchmark.swift */ = {isa = PBXFileReference; lastKnownFileType = sourcecode.swift; path = Benchmark.swift; sourceTree = "<group>"; };
		0C6A937F1D9FEB0900290284 /* Info.plist */ = {isa = PBXFileReference; lastKnownFileType = text.plist.xml; path = Info.plist; sourceTree = "<group>"; };
/* End PBXFileReference section */

/* Begin PBXFrameworksBuildPhase section */
		0C6A93511D9FEAA900290284 /* Frameworks */ = {
			isa = PBXFrameworksBuildPhase;
			buildActionMask = 2147483647;
			files = (
				0CF5EE0B2659BCBF00196E0F /* PINRemoteImage in Frameworks */,
				0CF5EE052659BC4300196E0F /* Kingfisher in Frameworks */,
				0CF5EDFF2659BC2500196E0F /* Nuke in Frameworks */,
				0CF5EE082659BC4E00196E0F /* SDWebImage in Frameworks */,
				0CF5EE022659BC3300196E0F /* AlamofireImage in Frameworks */,
			);
			runOnlyForDeploymentPostprocessing = 0;
		};
		0C6A93781D9FEB0900290284 /* Frameworks */ = {
			isa = PBXFrameworksBuildPhase;
			buildActionMask = 2147483647;
			files = (
			);
			runOnlyForDeploymentPostprocessing = 0;
		};
/* End PBXFrameworksBuildPhase section */

/* Begin PBXGroup section */
		0C6A934B1D9FEAA900290284 = {
			isa = PBXGroup;
			children = (
				0C6A93561D9FEAA900290284 /* Image Frameworks Benchmark */,
				0C6A937C1D9FEB0900290284 /* Benchmark */,
				0C6A93551D9FEAA900290284 /* Products */,
				0C28C9A52659BF08001B7D74 /* AppleSample */,
			);
			sourceTree = "<group>";
		};
		0C6A93551D9FEAA900290284 /* Products */ = {
			isa = PBXGroup;
			children = (
				0C6A93541D9FEAA900290284 /* Image Frameworks Benchmark.app */,
				0C6A937B1D9FEB0900290284 /* Benchmark.xctest */,
			);
			name = Products;
			sourceTree = "<group>";
		};
		0C6A93561D9FEAA900290284 /* Image Frameworks Benchmark */ = {
			isa = PBXGroup;
			children = (
				0C6A93571D9FEAA900290284 /* AppDelegate.swift */,
				0C6A93591D9FEAA900290284 /* ViewController.swift */,
				0C6A935B1D9FEAA900290284 /* Main.storyboard */,
				0C6A935E1D9FEAA900290284 /* Assets.xcassets */,
				0C6A93601D9FEAA900290284 /* LaunchScreen.storyboard */,
				0C6A93631D9FEAA900290284 /* Info.plist */,
			);
			path = "Image Frameworks Benchmark";
			sourceTree = "<group>";
		};
		0C6A937C1D9FEB0900290284 /* Benchmark */ = {
			isa = PBXGroup;
			children = (
				0C397D98209447DE00647303 /* fixture.jpeg */,
				0C6A937D1D9FEB0900290284 /* Benchmark.swift */,
				0C6A937F1D9FEB0900290284 /* Info.plist */,
			);
			path = Benchmark;
			sourceTree = "<group>";
		};
/* End PBXGroup section */

/* Begin PBXNativeTarget section */
		0C6A93531D9FEAA900290284 /* Image Frameworks Benchmark */ = {
			isa = PBXNativeTarget;
			buildConfigurationList = 0C6A93661D9FEAA900290284 /* Build configuration list for PBXNativeTarget "Image Frameworks Benchmark" */;
			buildPhases = (
				0C6A93501D9FEAA900290284 /* Sources */,
				0C6A93511D9FEAA900290284 /* Frameworks */,
				0C6A93521D9FEAA900290284 /* Resources */,
			);
			buildRules = (
			);
			dependencies = (
			);
			name = "Image Frameworks Benchmark";
			packageProductDependencies = (
				0CF5EDFE2659BC2500196E0F /* Nuke */,
				0CF5EE012659BC3300196E0F /* AlamofireImage */,
				0CF5EE042659BC4300196E0F /* Kingfisher */,
				0CF5EE072659BC4E00196E0F /* SDWebImage */,
				0CF5EE0A2659BCBF00196E0F /* PINRemoteImage */,
			);
			productName = "Image Frameworks Benchmark";
			productReference = 0C6A93541D9FEAA900290284 /* Image Frameworks Benchmark.app */;
			productType = "com.apple.product-type.application";
		};
		0C6A937A1D9FEB0900290284 /* Benchmark */ = {
			isa = PBXNativeTarget;
			buildConfigurationList = 0C6A93821D9FEB0900290284 /* Build configuration list for PBXNativeTarget "Benchmark" */;
			buildPhases = (
				0C6A93771D9FEB0900290284 /* Sources */,
				0C6A93781D9FEB0900290284 /* Frameworks */,
				0C6A93791D9FEB0900290284 /* Resources */,
			);
			buildRules = (
			);
			dependencies = (
				0C6A93811D9FEB0900290284 /* PBXTargetDependency */,
			);
			name = Benchmark;
			productName = Benchmark;
			productReference = 0C6A937B1D9FEB0900290284 /* Benchmark.xctest */;
			productType = "com.apple.product-type.bundle.unit-test";
		};
/* End PBXNativeTarget section */

/* Begin PBXProject section */
		0C6A934C1D9FEAA900290284 /* Project object */ = {
			isa = PBXProject;
			attributes = {
				LastSwiftUpdateCheck = 0800;
				LastUpgradeCheck = 1250;
				ORGANIZATIONNAME = "Alexander Grebenyuk";
				TargetAttributes = {
					0C6A93531D9FEAA900290284 = {
						CreatedOnToolsVersion = 8.0;
						DevelopmentTeam = NR8DLKJ7E6;
						LastSwiftMigration = 1020;
						ProvisioningStyle = Automatic;
					};
					0C6A937A1D9FEB0900290284 = {
						CreatedOnToolsVersion = 8.0;
						DevelopmentTeam = NR8DLKJ7E6;
						LastSwiftMigration = 1020;
						ProvisioningStyle = Automatic;
						TestTargetID = 0C6A93531D9FEAA900290284;
					};
				};
			};
			buildConfigurationList = 0C6A934F1D9FEAA900290284 /* Build configuration list for PBXProject "Image Frameworks Benchmark" */;
			compatibilityVersion = "Xcode 3.2";
			developmentRegion = en;
			hasScannedForEncodings = 0;
			knownRegions = (
				en,
				Base,
			);
			mainGroup = 0C6A934B1D9FEAA900290284;
			packageReferences = (
				0CF5EDFD2659BC2500196E0F /* XCRemoteSwiftPackageReference "Nuke" */,
				0CF5EE002659BC3300196E0F /* XCRemoteSwiftPackageReference "AlamofireImage" */,
				0CF5EE032659BC4300196E0F /* XCRemoteSwiftPackageReference "Kingfisher" */,
				0CF5EE062659BC4E00196E0F /* XCRemoteSwiftPackageReference "SDWebImage" */,
				0CF5EE092659BCBF00196E0F /* XCRemoteSwiftPackageReference "PINRemoteImage" */,
			);
			productRefGroup = 0C6A93551D9FEAA900290284 /* Products */;
			projectDirPath = "";
			projectRoot = "";
			targets = (
				0C6A93531D9FEAA900290284 /* Image Frameworks Benchmark */,
				0C6A937A1D9FEB0900290284 /* Benchmark */,
			);
		};
/* End PBXProject section */

/* Begin PBXResourcesBuildPhase section */
		0C6A93521D9FEAA900290284 /* Resources */ = {
			isa = PBXResourcesBuildPhase;
			buildActionMask = 2147483647;
			files = (
				0C6A93621D9FEAA900290284 /* LaunchScreen.storyboard in Resources */,
				0C6A935F1D9FEAA900290284 /* Assets.xcassets in Resources */,
				0C6A935D1D9FEAA900290284 /* Main.storyboard in Resources */,
			);
			runOnlyForDeploymentPostprocessing = 0;
		};
		0C6A93791D9FEB0900290284 /* Resources */ = {
			isa = PBXResourcesBuildPhase;
			buildActionMask = 2147483647;
			files = (
				0C397D99209447DE00647303 /* fixture.jpeg in Resources */,
			);
			runOnlyForDeploymentPostprocessing = 0;
		};
/* End PBXResourcesBuildPhase section */

/* Begin PBXSourcesBuildPhase section */
		0C6A93501D9FEAA900290284 /* Sources */ = {
			isa = PBXSourcesBuildPhase;
			buildActionMask = 2147483647;
			files = (
				0C6A935A1D9FEAA900290284 /* ViewController.swift in Sources */,
				0C6A93581D9FEAA900290284 /* AppDelegate.swift in Sources */,
			);
			runOnlyForDeploymentPostprocessing = 0;
		};
		0C6A93771D9FEB0900290284 /* Sources */ = {
			isa = PBXSourcesBuildPhase;
			buildActionMask = 2147483647;
			files = (
				0C6A937E1D9FEB0900290284 /* Benchmark.swift in Sources */,
			);
			runOnlyForDeploymentPostprocessing = 0;
		};
/* End PBXSourcesBuildPhase section */

/* Begin PBXTargetDependency section */
		0C6A93811D9FEB0900290284 /* PBXTargetDependency */ = {
			isa = PBXTargetDependency;
			target = 0C6A93531D9FEAA900290284 /* Image Frameworks Benchmark */;
			targetProxy = 0C6A93801D9FEB0900290284 /* PBXContainerItemProxy */;
		};
/* End PBXTargetDependency section */

/* Begin PBXVariantGroup section */
		0C6A935B1D9FEAA900290284 /* Main.storyboard */ = {
			isa = PBXVariantGroup;
			children = (
				0C6A935C1D9FEAA900290284 /* Base */,
			);
			name = Main.storyboard;
			sourceTree = "<group>";
		};
		0C6A93601D9FEAA900290284 /* LaunchScreen.storyboard */ = {
			isa = PBXVariantGroup;
			children = (
				0C6A93611D9FEAA900290284 /* Base */,
			);
			name = LaunchScreen.storyboard;
			sourceTree = "<group>";
		};
/* End PBXVariantGroup section */

/* Begin XCBuildConfiguration section */
		0C6A93641D9FEAA900290284 /* Debug */ = {
			isa = XCBuildConfiguration;
			buildSettings = {
				ALWAYS_SEARCH_USER_PATHS = NO;
				CLANG_ANALYZER_LOCALIZABILITY_NONLOCALIZED = YES;
				CLANG_ANALYZER_NONNULL = YES;
				CLANG_CXX_LANGUAGE_STANDARD = "gnu++0x";
				CLANG_CXX_LIBRARY = "libc++";
				CLANG_ENABLE_MODULES = YES;
				CLANG_ENABLE_OBJC_ARC = YES;
				CLANG_WARN_BLOCK_CAPTURE_AUTORELEASING = YES;
				CLANG_WARN_BOOL_CONVERSION = YES;
				CLANG_WARN_COMMA = YES;
				CLANG_WARN_CONSTANT_CONVERSION = YES;
				CLANG_WARN_DEPRECATED_OBJC_IMPLEMENTATIONS = YES;
				CLANG_WARN_DIRECT_OBJC_ISA_USAGE = YES_ERROR;
				CLANG_WARN_DOCUMENTATION_COMMENTS = YES;
				CLANG_WARN_EMPTY_BODY = YES;
				CLANG_WARN_ENUM_CONVERSION = YES;
				CLANG_WARN_INFINITE_RECURSION = YES;
				CLANG_WARN_INT_CONVERSION = YES;
				CLANG_WARN_NON_LITERAL_NULL_CONVERSION = YES;
				CLANG_WARN_OBJC_IMPLICIT_RETAIN_SELF = YES;
				CLANG_WARN_OBJC_LITERAL_CONVERSION = YES;
				CLANG_WARN_OBJC_ROOT_CLASS = YES_ERROR;
				CLANG_WARN_QUOTED_INCLUDE_IN_FRAMEWORK_HEADER = YES;
				CLANG_WARN_RANGE_LOOP_ANALYSIS = YES;
				CLANG_WARN_STRICT_PROTOTYPES = YES;
				CLANG_WARN_SUSPICIOUS_MOVE = YES;
				CLANG_WARN_SUSPICIOUS_MOVES = YES;
				CLANG_WARN_UNREACHABLE_CODE = YES;
				CLANG_WARN__DUPLICATE_METHOD_MATCH = YES;
				"CODE_SIGN_IDENTITY[sdk=iphoneos*]" = "iPhone Developer";
				COPY_PHASE_STRIP = NO;
				DEBUG_INFORMATION_FORMAT = dwarf;
				ENABLE_STRICT_OBJC_MSGSEND = YES;
				ENABLE_TESTABILITY = YES;
				GCC_C_LANGUAGE_STANDARD = gnu99;
				GCC_DYNAMIC_NO_PIC = NO;
				GCC_NO_COMMON_BLOCKS = YES;
				GCC_OPTIMIZATION_LEVEL = 0;
				GCC_PREPROCESSOR_DEFINITIONS = (
					"DEBUG=1",
					"$(inherited)",
				);
				GCC_WARN_64_TO_32_BIT_CONVERSION = YES;
				GCC_WARN_ABOUT_RETURN_TYPE = YES_ERROR;
				GCC_WARN_UNDECLARED_SELECTOR = YES;
				GCC_WARN_UNINITIALIZED_AUTOS = YES_AGGRESSIVE;
				GCC_WARN_UNUSED_FUNCTION = YES;
				GCC_WARN_UNUSED_VARIABLE = YES;
				IPHONEOS_DEPLOYMENT_TARGET = 12.0;
				MTL_ENABLE_DEBUG_INFO = YES;
				ONLY_ACTIVE_ARCH = YES;
				SDKROOT = iphoneos;
				SWIFT_ACTIVE_COMPILATION_CONDITIONS = DEBUG;
				SWIFT_OPTIMIZATION_LEVEL = "-Onone";
			};
			name = Debug;
		};
		0C6A93651D9FEAA900290284 /* Release */ = {
			isa = XCBuildConfiguration;
			buildSettings = {
				ALWAYS_SEARCH_USER_PATHS = NO;
				CLANG_ANALYZER_LOCALIZABILITY_NONLOCALIZED = YES;
				CLANG_ANALYZER_NONNULL = YES;
				CLANG_CXX_LANGUAGE_STANDARD = "gnu++0x";
				CLANG_CXX_LIBRARY = "libc++";
				CLANG_ENABLE_MODULES = YES;
				CLANG_ENABLE_OBJC_ARC = YES;
				CLANG_WARN_BLOCK_CAPTURE_AUTORELEASING = YES;
				CLANG_WARN_BOOL_CONVERSION = YES;
				CLANG_WARN_COMMA = YES;
				CLANG_WARN_CONSTANT_CONVERSION = YES;
				CLANG_WARN_DEPRECATED_OBJC_IMPLEMENTATIONS = YES;
				CLANG_WARN_DIRECT_OBJC_ISA_USAGE = YES_ERROR;
				CLANG_WARN_DOCUMENTATION_COMMENTS = YES;
				CLANG_WARN_EMPTY_BODY = YES;
				CLANG_WARN_ENUM_CONVERSION = YES;
				CLANG_WARN_INFINITE_RECURSION = YES;
				CLANG_WARN_INT_CONVERSION = YES;
				CLANG_WARN_NON_LITERAL_NULL_CONVERSION = YES;
				CLANG_WARN_OBJC_IMPLICIT_RETAIN_SELF = YES;
				CLANG_WARN_OBJC_LITERAL_CONVERSION = YES;
				CLANG_WARN_OBJC_ROOT_CLASS = YES_ERROR;
				CLANG_WARN_QUOTED_INCLUDE_IN_FRAMEWORK_HEADER = YES;
				CLANG_WARN_RANGE_LOOP_ANALYSIS = YES;
				CLANG_WARN_STRICT_PROTOTYPES = YES;
				CLANG_WARN_SUSPICIOUS_MOVE = YES;
				CLANG_WARN_SUSPICIOUS_MOVES = YES;
				CLANG_WARN_UNREACHABLE_CODE = YES;
				CLANG_WARN__DUPLICATE_METHOD_MATCH = YES;
				"CODE_SIGN_IDENTITY[sdk=iphoneos*]" = "iPhone Developer";
				COPY_PHASE_STRIP = NO;
				DEBUG_INFORMATION_FORMAT = "dwarf-with-dsym";
				ENABLE_NS_ASSERTIONS = NO;
				ENABLE_STRICT_OBJC_MSGSEND = YES;
				GCC_C_LANGUAGE_STANDARD = gnu99;
				GCC_NO_COMMON_BLOCKS = YES;
				GCC_WARN_64_TO_32_BIT_CONVERSION = YES;
				GCC_WARN_ABOUT_RETURN_TYPE = YES_ERROR;
				GCC_WARN_UNDECLARED_SELECTOR = YES;
				GCC_WARN_UNINITIALIZED_AUTOS = YES_AGGRESSIVE;
				GCC_WARN_UNUSED_FUNCTION = YES;
				GCC_WARN_UNUSED_VARIABLE = YES;
				IPHONEOS_DEPLOYMENT_TARGET = 12.0;
				MTL_ENABLE_DEBUG_INFO = NO;
				SDKROOT = iphoneos;
				SWIFT_COMPILATION_MODE = wholemodule;
				SWIFT_OPTIMIZATION_LEVEL = "-O";
				VALIDATE_PRODUCT = YES;
			};
			name = Release;
		};
		0C6A93671D9FEAA900290284 /* Debug */ = {
			isa = XCBuildConfiguration;
			buildSettings = {
				ASSETCATALOG_COMPILER_APPICON_NAME = AppIcon;
				DEVELOPMENT_TEAM = NR8DLKJ7E6;
				INFOPLIST_FILE = "Image Frameworks Benchmark/Info.plist";
				LD_RUNPATH_SEARCH_PATHS = (
					"$(inherited)",
					"@executable_path/Frameworks",
				);
				PRODUCT_BUNDLE_IDENTIFIER = "com.github.kean.Image-Frameworks-Benchmark";
				PRODUCT_NAME = "$(TARGET_NAME)";
				SWIFT_VERSION = 5.0;
			};
			name = Debug;
		};
		0C6A93681D9FEAA900290284 /* Release */ = {
			isa = XCBuildConfiguration;
			buildSettings = {
				ASSETCATALOG_COMPILER_APPICON_NAME = AppIcon;
				DEVELOPMENT_TEAM = NR8DLKJ7E6;
				INFOPLIST_FILE = "Image Frameworks Benchmark/Info.plist";
				LD_RUNPATH_SEARCH_PATHS = (
					"$(inherited)",
					"@executable_path/Frameworks",
				);
				PRODUCT_BUNDLE_IDENTIFIER = "com.github.kean.Image-Frameworks-Benchmark";
				PRODUCT_NAME = "$(TARGET_NAME)";
				SWIFT_VERSION = 5.0;
			};
			name = Release;
		};
		0C6A93831D9FEB0900290284 /* Debug */ = {
			isa = XCBuildConfiguration;
			buildSettings = {
				BUNDLE_LOADER = "$(TEST_HOST)";
				DEVELOPMENT_TEAM = NR8DLKJ7E6;
				INFOPLIST_FILE = Benchmark/Info.plist;
				LD_RUNPATH_SEARCH_PATHS = (
					"$(inherited)",
					"@executable_path/Frameworks",
					"@loader_path/Frameworks",
				);
				PRODUCT_BUNDLE_IDENTIFIER = com.github.kean.Benchmark;
				PRODUCT_NAME = "$(TARGET_NAME)";
				SWIFT_VERSION = 5.0;
				TEST_HOST = "$(BUILT_PRODUCTS_DIR)/Image Frameworks Benchmark.app/Image Frameworks Benchmark";
			};
			name = Debug;
		};
		0C6A93841D9FEB0900290284 /* Release */ = {
			isa = XCBuildConfiguration;
			buildSettings = {
				BUNDLE_LOADER = "$(TEST_HOST)";
				DEVELOPMENT_TEAM = NR8DLKJ7E6;
				INFOPLIST_FILE = Benchmark/Info.plist;
				LD_RUNPATH_SEARCH_PATHS = (
					"$(inherited)",
					"@executable_path/Frameworks",
					"@loader_path/Frameworks",
				);
				PRODUCT_BUNDLE_IDENTIFIER = com.github.kean.Benchmark;
				PRODUCT_NAME = "$(TARGET_NAME)";
				SWIFT_VERSION = 5.0;
				TEST_HOST = "$(BUILT_PRODUCTS_DIR)/Image Frameworks Benchmark.app/Image Frameworks Benchmark";
			};
			name = Release;
		};
/* End XCBuildConfiguration section */

/* Begin XCConfigurationList section */
		0C6A934F1D9FEAA900290284 /* Build configuration list for PBXProject "Image Frameworks Benchmark" */ = {
			isa = XCConfigurationList;
			buildConfigurations = (
				0C6A93641D9FEAA900290284 /* Debug */,
				0C6A93651D9FEAA900290284 /* Release */,
			);
			defaultConfigurationIsVisible = 0;
			defaultConfigurationName = Release;
		};
		0C6A93661D9FEAA900290284 /* Build configuration list for PBXNativeTarget "Image Frameworks Benchmark" */ = {
			isa = XCConfigurationList;
			buildConfigurations = (
				0C6A93671D9FEAA900290284 /* Debug */,
				0C6A93681D9FEAA900290284 /* Release */,
			);
			defaultConfigurationIsVisible = 0;
			defaultConfigurationName = Release;
		};
		0C6A93821D9FEB0900290284 /* Build configuration list for PBXNativeTarget "Benchmark" */ = {
			isa = XCConfigurationList;
			buildConfigurations = (
				0C6A93831D9FEB0900290284 /* Debug */,
				0C6A93841D9FEB0900290284 /* Release */,
			);
			defaultConfigurationIsVisible = 0;
			defaultConfigurationName = Release;
		};
/* End XCConfigurationList section */

/* Begin XCRemoteSwiftPackageReference section */
		0CF5EDFD2659BC2500196E0F /* XCRemoteSwiftPackageReference "Nuke" */ = {
			isa = XCRemoteSwiftPackageReference;
			repositoryURL = "https://github.com/kean/Nuke.git";
			requirement = {
				branch = master;
				kind = branch;
			};
		};
		0CF5EE002659BC3300196E0F /* XCRemoteSwiftPackageReference "AlamofireImage" */ = {
			isa = XCRemoteSwiftPackageReference;
			repositoryURL = "https://github.com/Alamofire/AlamofireImage";
			requirement = {
				kind = upToNextMajorVersion;
				minimumVersion = 4.2.0;
			};
		};
		0CF5EE032659BC4300196E0F /* XCRemoteSwiftPackageReference "Kingfisher" */ = {
			isa = XCRemoteSwiftPackageReference;
			repositoryURL = "https://github.com/onevcat/Kingfisher.git";
			requirement = {
				kind = upToNextMajorVersion;
				minimumVersion = 6.3.0;
			};
		};
		0CF5EE062659BC4E00196E0F /* XCRemoteSwiftPackageReference "SDWebImage" */ = {
			isa = XCRemoteSwiftPackageReference;
			repositoryURL = "https://github.com/SDWebImage/SDWebImage.git";
			requirement = {
				kind = upToNextMajorVersion;
				minimumVersion = 5.11.1;
			};
		};
		0CF5EE092659BCBF00196E0F /* XCRemoteSwiftPackageReference "PINRemoteImage" */ = {
			isa = XCRemoteSwiftPackageReference;
			repositoryURL = "https://github.com/pinterest/PINRemoteImage";
			requirement = {
				kind = upToNextMajorVersion;
				minimumVersion = 3.0.3;
			};
		};
/* End XCRemoteSwiftPackageReference section */

/* Begin XCSwiftPackageProductDependency section */
		0CF5EDFE2659BC2500196E0F /* Nuke */ = {
			isa = XCSwiftPackageProductDependency;
			package = 0CF5EDFD2659BC2500196E0F /* XCRemoteSwiftPackageReference "Nuke" */;
			productName = Nuke;
		};
		0CF5EE012659BC3300196E0F /* AlamofireImage */ = {
			isa = XCSwiftPackageProductDependency;
			package = 0CF5EE002659BC3300196E0F /* XCRemoteSwiftPackageReference "AlamofireImage" */;
			productName = AlamofireImage;
		};
		0CF5EE042659BC4300196E0F /* Kingfisher */ = {
			isa = XCSwiftPackageProductDependency;
			package = 0CF5EE032659BC4300196E0F /* XCRemoteSwiftPackageReference "Kingfisher" */;
			productName = Kingfisher;
		};
		0CF5EE072659BC4E00196E0F /* SDWebImage */ = {
			isa = XCSwiftPackageProductDependency;
			package = 0CF5EE062659BC4E00196E0F /* XCRemoteSwiftPackageReference "SDWebImage" */;
			productName = SDWebImage;
		};
		0CF5EE0A2659BCBF00196E0F /* PINRemoteImage */ = {
			isa = XCSwiftPackageProductDependency;
			package = 0CF5EE092659BCBF00196E0F /* XCRemoteSwiftPackageReference "PINRemoteImage" */;
			productName = PINRemoteImage;
		};
/* End XCSwiftPackageProductDependency section */
	};
	rootObject = 0C6A934C1D9FEAA900290284 /* Project object */;
}
